
Microsoft Visual Studio Solution File, Format Version 12.00
# Visual Studio Version 17
VisualStudioVersion = 17.9.34622.214
MinimumVisualStudioVersion = 10.0.40219.1
Project("{FAE04EC0-301F-11D3-BF4B-00C04F79EFBC}") = "Egyszerű C# alkalmazás", "Egyszerű C# alkalmazás\Egyszerű C# alkalmazás.csproj", "{623EC5E3-6E61-4AE8-8247-EC8FC10C8811}"
EndProject
Global
	GlobalSection(SolutionConfigurationPlatforms) = preSolution
		Debug|Any CPU = Debug|Any CPU
		Release|Any CPU = Release|Any CPU
	EndGlobalSection
	GlobalSection(ProjectConfigurationPlatforms) = postSolution
		{623EC5E3-6E61-4AE8-8247-EC8FC10C8811}.Debug|Any CPU.ActiveCfg = Debug|Any CPU
		{623EC5E3-6E61-4AE8-8247-EC8FC10C8811}.Debug|Any CPU.Build.0 = Debug|Any CPU
		{623EC5E3-6E61-4AE8-8247-EC8FC10C8811}.Release|Any CPU.ActiveCfg = Release|Any CPU
		{623EC5E3-6E61-4AE8-8247-EC8FC10C8811}.Release|Any CPU.Build.0 = Release|Any CPU
	EndGlobalSection
	GlobalSection(SolutionProperties) = preSolution
		HideSolutionNode = FALSE
	EndGlobalSection
	GlobalSection(ExtensibilityGlobals) = postSolution
		SolutionGuid = {48E965DB-4150-4866-9E0E-EC9D58CCBED1}
	EndGlobalSection
EndGlobal
